
Microsoft Visual Studio Solution File, Format Version 12.00
# Visual Studio Version 16
VisualStudioVersion = 16.0.31025.194
MinimumVisualStudioVersion = 10.0.40219.1
Project("{FAE04EC0-301F-11D3-BF4B-00C04F79EFBC}") = "Nagan", "Nagan.csproj", "{2D7779F8-8312-42DA-835C-10AE0377AFB6}"
EndProject
Global
	GlobalSection(SolutionConfigurationPlatforms) = preSolution
		Debug|Any CPU = Debug|Any CPU
		Release|Any CPU = Release|Any CPU
	EndGlobalSection
	GlobalSection(ProjectConfigurationPlatforms) = postSolution
		{2D7779F8-8312-42DA-835C-10AE0377AFB6}.Debug|Any CPU.ActiveCfg = Debug|Any CPU
		{2D7779F8-8312-42DA-835C-10AE0377AFB6}.Debug|Any CPU.Build.0 = Debug|Any CPU
		{2D7779F8-8312-42DA-835C-10AE0377AFB6}.Release|Any CPU.ActiveCfg = Release|Any CPU
		{2D7779F8-8312-42DA-835C-10AE0377AFB6}.Release|Any CPU.Build.0 = Release|Any CPU
	EndGlobalSection
	GlobalSection(SolutionProperties) = preSolution
		HideSolutionNode = FALSE
	EndGlobalSection
	GlobalSection(ExtensibilityGlobals) = postSolution
		SolutionGuid = {28537AB9-A181-425B-A2AC-E7D645C3E8F5}
	EndGlobalSection
EndGlobal
